{
  "originHash" : "7823296a9e71258f4ac80bdec2a53170e36f5601c111e5f936ca3a2c07d010da",
  "pins" : [
    {
      "identity" : "sweetcookiekit",
      "kind" : "remoteSourceControl",
      "location" : "https://github.com/steipete/SweetCookieKit.git",
      "state" : {
        "revision" : "4d5b71ffbb296937dc5ee8472f64721bca771cf0",
        "version" : "0.4.0"
      }
    }
  ],
  "version" : 3
}
