{
  "originHash" : "1a629a6c03bc89fc84914de176e28171c89217f50fe7df38ed3b8da82a6b5f8d",
  "pins" : [
    {
      "identity" : "sweetcookiekit",
      "kind" : "remoteSourceControl",
      "location" : "https://github.com/steipete/SweetCookieKit.git",
      "state" : {
        "revision" : "4d5b71ffbb296937dc5ee8472f64721bca771cf0",
        "version" : "0.4.0"
      }
    }
  ],
  "version" : 3
}
