{
  "originHash" : "abde62d2b3972ce3f235d61e2624e150f02d2d50a53995a9bad0034307dae7cd",
  "pins" : [
    {
      "identity" : "sweetcookiekit",
      "kind" : "remoteSourceControl",
      "location" : "https://github.com/steipete/SweetCookieKit.git",
      "state" : {
        "revision" : "4d5b71ffbb296937dc5ee8472f64721bca771cf0",
        "version" : "0.4.0"
      }
    }
  ],
  "version" : 3
}
